
Microsoft Visual Studio Solution File, Format Version 12.00
# Visual Studio Version 16
VisualStudioVersion = 16.0.29201.188
MinimumVisualStudioVersion = 10.0.40219.1
Project("{FAE04EC0-301F-11D3-BF4B-00C04F79EFBC}") = "Database", "Database.csproj", "{7CDD6922-16F0-4DC5-A5C1-A6B1B2D3B529}"
EndProject
Global
	GlobalSection(SolutionConfigurationPlatforms) = preSolution
		Debug|Any CPU = Debug|Any CPU
		Release|Any CPU = Release|Any CPU
	EndGlobalSection
	GlobalSection(ProjectConfigurationPlatforms) = postSolution
		{7CDD6922-16F0-4DC5-A5C1-A6B1B2D3B529}.Debug|Any CPU.ActiveCfg = Debug|Any CPU
		{7CDD6922-16F0-4DC5-A5C1-A6B1B2D3B529}.Debug|Any CPU.Build.0 = Debug|Any CPU
		{7CDD6922-16F0-4DC5-A5C1-A6B1B2D3B529}.Release|Any CPU.ActiveCfg = Release|Any CPU
		{7CDD6922-16F0-4DC5-A5C1-A6B1B2D3B529}.Release|Any CPU.Build.0 = Release|Any CPU
	EndGlobalSection
	GlobalSection(SolutionProperties) = preSolution
		HideSolutionNode = FALSE
	EndGlobalSection
	GlobalSection(ExtensibilityGlobals) = postSolution
		SolutionGuid = {4B52079E-F83C-444A-ADF4-32D424F53424}
	EndGlobalSection
EndGlobal
